
Microsoft Visual Studio Solution File, Format Version 12.00
# Visual Studio 15
VisualStudioVersion = 15.0.28307.168
MinimumVisualStudioVersion = 10.0.40219.1
Project("{FAE04EC0-301F-11D3-BF4B-00C04F79EFBC}") = "calc", "calc\calc.csproj", "{36759E9B-B1B1-4C24-8B49-27F105134227}"
EndProject
Global
	GlobalSection(SolutionConfigurationPlatforms) = preSolution
		Debug|Any CPU = Debug|Any CPU
		Release|Any CPU = Release|Any CPU
	EndGlobalSection
	GlobalSection(ProjectConfigurationPlatforms) = postSolution
		{36759E9B-B1B1-4C24-8B49-27F105134227}.Debug|Any CPU.ActiveCfg = Debug|Any CPU
		{36759E9B-B1B1-4C24-8B49-27F105134227}.Debug|Any CPU.Build.0 = Debug|Any CPU
		{36759E9B-B1B1-4C24-8B49-27F105134227}.Release|Any CPU.ActiveCfg = Release|Any CPU
		{36759E9B-B1B1-4C24-8B49-27F105134227}.Release|Any CPU.Build.0 = Release|Any CPU
	EndGlobalSection
	GlobalSection(SolutionProperties) = preSolution
		HideSolutionNode = FALSE
	EndGlobalSection
	GlobalSection(ExtensibilityGlobals) = postSolution
		SolutionGuid = {64EC7219-78DC-496B-ACAE-BD83C184CDF3}
	EndGlobalSection
EndGlobal
